
Microsoft Visual Studio Solution File, Format Version 12.00
# Visual Studio Version 16
VisualStudioVersion = 16.0.30406.217
MinimumVisualStudioVersion = 10.0.40219.1
Project("{FAE04EC0-301F-11D3-BF4B-00C04F79EFBC}") = "WindowsFormsApp1", "WindowsFormsApp1\WindowsFormsApp1.csproj", "{BDEB982A-74E4-4A9A-9BF8-D570D28D52E3}"
EndProject
Global
	GlobalSection(SolutionConfigurationPlatforms) = preSolution
		Debug|Any CPU = Debug|Any CPU
		Release|Any CPU = Release|Any CPU
	EndGlobalSection
	GlobalSection(ProjectConfigurationPlatforms) = postSolution
		{BDEB982A-74E4-4A9A-9BF8-D570D28D52E3}.Debug|Any CPU.ActiveCfg = Debug|Any CPU
		{BDEB982A-74E4-4A9A-9BF8-D570D28D52E3}.Debug|Any CPU.Build.0 = Debug|Any CPU
		{BDEB982A-74E4-4A9A-9BF8-D570D28D52E3}.Release|Any CPU.ActiveCfg = Release|Any CPU
		{BDEB982A-74E4-4A9A-9BF8-D570D28D52E3}.Release|Any CPU.Build.0 = Release|Any CPU
	EndGlobalSection
	GlobalSection(SolutionProperties) = preSolution
		HideSolutionNode = FALSE
	EndGlobalSection
	GlobalSection(ExtensibilityGlobals) = postSolution
		SolutionGuid = {8DDD74BA-323A-4C89-8013-5386D8F58EE9}
	EndGlobalSection
EndGlobal
